
Microsoft Visual Studio Solution File, Format Version 12.00
# Visual Studio 14
VisualStudioVersion = 14.0.23107.0
MinimumVisualStudioVersion = 10.0.40219.1
Project("{FAE04EC0-301F-11D3-BF4B-00C04F79EFBC}") = "SensorNetworkManager_WPF", "SensorNetworkManager_WPF\SensorNetworkManager_WPF.csproj", "{3814CF02-1B5D-425A-A7F1-813F6F1904FE}"
EndProject
Global
	GlobalSection(SolutionConfigurationPlatforms) = preSolution
		Debug|Any CPU = Debug|Any CPU
		Release|Any CPU = Release|Any CPU
	EndGlobalSection
	GlobalSection(ProjectConfigurationPlatforms) = postSolution
		{3814CF02-1B5D-425A-A7F1-813F6F1904FE}.Debug|Any CPU.ActiveCfg = Debug|Any CPU
		{3814CF02-1B5D-425A-A7F1-813F6F1904FE}.Debug|Any CPU.Build.0 = Debug|Any CPU
		{3814CF02-1B5D-425A-A7F1-813F6F1904FE}.Release|Any CPU.ActiveCfg = Release|Any CPU
		{3814CF02-1B5D-425A-A7F1-813F6F1904FE}.Release|Any CPU.Build.0 = Release|Any CPU
	EndGlobalSection
	GlobalSection(SolutionProperties) = preSolution
		HideSolutionNode = FALSE
	EndGlobalSection
EndGlobal
